
Microsoft Visual Studio Solution File, Format Version 12.00
# Visual Studio 2012
Project("{FAE04EC0-301F-11D3-BF4B-00C04F79EFBC}") = "AspectCache", "AspectCache\AspectCache.csproj", "{1BB5906B-B578-4F45-BE86-8DE0A1B33742}"
EndProject
Project("{FAE04EC0-301F-11D3-BF4B-00C04F79EFBC}") = "AspectCache.Tests", "AspectCache.Tests\AspectCache.Tests.csproj", "{4F562C1E-9E3B-4F70-A3F2-00F8BA3CACA7}"
EndProject
Global
	GlobalSection(SolutionConfigurationPlatforms) = preSolution
		Debug|Any CPU = Debug|Any CPU
		Release|Any CPU = Release|Any CPU
	EndGlobalSection
	GlobalSection(ProjectConfigurationPlatforms) = postSolution
		{1BB5906B-B578-4F45-BE86-8DE0A1B33742}.Debug|Any CPU.ActiveCfg = Debug|Any CPU
		{1BB5906B-B578-4F45-BE86-8DE0A1B33742}.Debug|Any CPU.Build.0 = Debug|Any CPU
		{1BB5906B-B578-4F45-BE86-8DE0A1B33742}.Release|Any CPU.ActiveCfg = Release|Any CPU
		{1BB5906B-B578-4F45-BE86-8DE0A1B33742}.Release|Any CPU.Build.0 = Release|Any CPU
		{4F562C1E-9E3B-4F70-A3F2-00F8BA3CACA7}.Debug|Any CPU.ActiveCfg = Debug|Any CPU
		{4F562C1E-9E3B-4F70-A3F2-00F8BA3CACA7}.Debug|Any CPU.Build.0 = Debug|Any CPU
		{4F562C1E-9E3B-4F70-A3F2-00F8BA3CACA7}.Release|Any CPU.ActiveCfg = Release|Any CPU
		{4F562C1E-9E3B-4F70-A3F2-00F8BA3CACA7}.Release|Any CPU.Build.0 = Release|Any CPU
	EndGlobalSection
	GlobalSection(SolutionProperties) = preSolution
		HideSolutionNode = FALSE
	EndGlobalSection
EndGlobal
